
Microsoft Visual Studio Solution File, Format Version 12.00
# Visual Studio 2012
Project("{FAE04EC0-301F-11D3-BF4B-00C04F79EFBC}") = "Flyweight", "Flyweight\Flyweight.csproj", "{B49503F8-E6A7-485A-B535-738171B46287}"
EndProject
Global
	GlobalSection(SolutionConfigurationPlatforms) = preSolution
		Debug|x86 = Debug|x86
		Release|x86 = Release|x86
	EndGlobalSection
	GlobalSection(ProjectConfigurationPlatforms) = postSolution
		{B49503F8-E6A7-485A-B535-738171B46287}.Debug|x86.ActiveCfg = Debug|x86
		{B49503F8-E6A7-485A-B535-738171B46287}.Debug|x86.Build.0 = Debug|x86
		{B49503F8-E6A7-485A-B535-738171B46287}.Release|x86.ActiveCfg = Release|x86
		{B49503F8-E6A7-485A-B535-738171B46287}.Release|x86.Build.0 = Release|x86
	EndGlobalSection
EndGlobal
