
Microsoft Visual Studio Solution File, Format Version 12.00
# Visual Studio 2012
Project("{FAE04EC0-301F-11D3-BF4B-00C04F79EFBC}") = "Observer", "Observer\Observer.csproj", "{388E02A1-369F-4DF2-8646-CBF35B5CDCDD}"
EndProject
Global
	GlobalSection(SolutionConfigurationPlatforms) = preSolution
		Debug|x86 = Debug|x86
		Release|x86 = Release|x86
	EndGlobalSection
	GlobalSection(ProjectConfigurationPlatforms) = postSolution
		{388E02A1-369F-4DF2-8646-CBF35B5CDCDD}.Debug|x86.ActiveCfg = Debug|x86
		{388E02A1-369F-4DF2-8646-CBF35B5CDCDD}.Debug|x86.Build.0 = Debug|x86
		{388E02A1-369F-4DF2-8646-CBF35B5CDCDD}.Release|x86.ActiveCfg = Release|x86
		{388E02A1-369F-4DF2-8646-CBF35B5CDCDD}.Release|x86.Build.0 = Release|x86
	EndGlobalSection
EndGlobal
